// !$*UTF8*$!
{
	archiveVersion = 1;
	classes = {
	};
	objectVersion = 56;
	objects = {

/* Begin PBXBuildFile section */
		987DA53A2AF6628500237991 /* AppDelegate.swift in Sources */ = {isa = PBXBuildFile; fileRef = 987DA5392AF6628500237991 /* AppDelegate.swift */; };
		987DA53C2AF6628500237991 /* SceneDelegate.swift in Sources */ = {isa = PBXBuildFile; fileRef = 987DA53B2AF6628500237991 /* SceneDelegate.swift */; };
		987DA5412AF6628500237991 /* Main.storyboard in Resources */ = {isa = PBXBuildFile; fileRef = 987DA53F2AF6628500237991 /* Main.storyboard */; };
		987DA5462AF6628700237991 /* Assets.xcassets in Resources */ = {isa = PBXBuildFile; fileRef = 987DA5452AF6628700237991 /* Assets.xcassets */; };
		987DA5492AF6628700237991 /* LaunchScreen.storyboard in Resources */ = {isa = PBXBuildFile; fileRef = 987DA5472AF6628700237991 /* LaunchScreen.storyboard */; };
		987DA5542AF66DB100237991 /* Realm in Frameworks */ = {isa = PBXBuildFile; productRef = 987DA5532AF66DB100237991 /* Realm */; };
		987DA5562AF66DB100237991 /* RealmSwift in Frameworks */ = {isa = PBXBuildFile; productRef = 987DA5552AF66DB100237991 /* RealmSwift */; };
		987DA5592AF66E5C00237991 /* UITableViewCell.swift in Sources */ = {isa = PBXBuildFile; fileRef = 987DA5582AF66E5C00237991 /* UITableViewCell.swift */; };
		987DA55C2AF66E9200237991 /* StorageManager.swift in Sources */ = {isa = PBXBuildFile; fileRef = 987DA55B2AF66E9200237991 /* StorageManager.swift */; };
		987DA55F2AF66EB700237991 /* TasksListModel.swift in Sources */ = {isa = PBXBuildFile; fileRef = 987DA55E2AF66EB700237991 /* TasksListModel.swift */; };
		987DA5612AF66EC900237991 /* ListModel.swift in Sources */ = {isa = PBXBuildFile; fileRef = 987DA5602AF66EC900237991 /* ListModel.swift */; };
		987DA5642AF66F6E00237991 /* TasksListTVC.swift in Sources */ = {isa = PBXBuildFile; fileRef = 987DA5632AF66F6E00237991 /* TasksListTVC.swift */; };
		987DA5662AF66F7E00237991 /* TasksTVC.swift in Sources */ = {isa = PBXBuildFile; fileRef = 987DA5652AF66F7E00237991 /* TasksTVC.swift */; };
		98E2B96A2AF7B03C0040C914 /* TasksCell.swift in Sources */ = {isa = PBXBuildFile; fileRef = 98E2B9682AF7B03C0040C914 /* TasksCell.swift */; };
		98E2B96B2AF7B03C0040C914 /* TasksCell.xib in Resources */ = {isa = PBXBuildFile; fileRef = 98E2B9692AF7B03C0040C914 /* TasksCell.xib */; };
/* End PBXBuildFile section */

/* Begin PBXFileReference section */
		987DA5362AF6628500237991 /* HomeWork31.app */ = {isa = PBXFileReference; explicitFileType = wrapper.application; includeInIndex = 0; path = HomeWork31.app; sourceTree = BUILT_PRODUCTS_DIR; };
		987DA5392AF6628500237991 /* AppDelegate.swift */ = {isa = PBXFileReference; lastKnownFileType = sourcecode.swift; path = AppDelegate.swift; sourceTree = "<group>"; };
		987DA53B2AF6628500237991 /* SceneDelegate.swift */ = {isa = PBXFileReference; lastKnownFileType = sourcecode.swift; path = SceneDelegate.swift; sourceTree = "<group>"; };
		987DA5402AF6628500237991 /* Base */ = {isa = PBXFileReference; lastKnownFileType = file.storyboard; name = Base; path = Base.lproj/Main.storyboard; sourceTree = "<group>"; };
		987DA5452AF6628700237991 /* Assets.xcassets */ = {isa = PBXFileReference; lastKnownFileType = folder.assetcatalog; path = Assets.xcassets; sourceTree = "<group>"; };
		987DA5482AF6628700237991 /* Base */ = {isa = PBXFileReference; lastKnownFileType = file.storyboard; name = Base; path = Base.lproj/LaunchScreen.storyboard; sourceTree = "<group>"; };
		987DA54A2AF6628700237991 /* Info.plist */ = {isa = PBXFileReference; lastKnownFileType = text.plist.xml; path = Info.plist; sourceTree = "<group>"; };
		987DA5582AF66E5C00237991 /* UITableViewCell.swift */ = {isa = PBXFileReference; lastKnownFileType = sourcecode.swift; path = UITableViewCell.swift; sourceTree = "<group>"; };
		987DA55B2AF66E9200237991 /* StorageManager.swift */ = {isa = PBXFileReference; lastKnownFileType = sourcecode.swift; path = StorageManager.swift; sourceTree = "<group>"; };
		987DA55E2AF66EB700237991 /* TasksListModel.swift */ = {isa = PBXFileReference; lastKnownFileType = sourcecode.swift; path = TasksListModel.swift; sourceTree = "<group>"; };
		987DA5602AF66EC900237991 /* ListModel.swift */ = {isa = PBXFileReference; lastKnownFileType = sourcecode.swift; path = ListModel.swift; sourceTree = "<group>"; };
		987DA5632AF66F6E00237991 /* TasksListTVC.swift */ = {isa = PBXFileReference; lastKnownFileType = sourcecode.swift; path = TasksListTVC.swift; sourceTree = "<group>"; };
		987DA5652AF66F7E00237991 /* TasksTVC.swift */ = {isa = PBXFileReference; lastKnownFileType = sourcecode.swift; path = TasksTVC.swift; sourceTree = "<group>"; };
		98E2B9682AF7B03C0040C914 /* TasksCell.swift */ = {isa = PBXFileReference; lastKnownFileType = sourcecode.swift; path = TasksCell.swift; sourceTree = "<group>"; };
		98E2B9692AF7B03C0040C914 /* TasksCell.xib */ = {isa = PBXFileReference; lastKnownFileType = file.xib; path = TasksCell.xib; sourceTree = "<group>"; };
/* End PBXFileReference section */

/* Begin PBXFrameworksBuildPhase section */
		987DA5332AF6628500237991 /* Frameworks */ = {
			isa = PBXFrameworksBuildPhase;
			buildActionMask = 2147483647;
			files = (
				987DA5562AF66DB100237991 /* RealmSwift in Frameworks */,
				987DA5542AF66DB100237991 /* Realm in Frameworks */,
			);
			runOnlyForDeploymentPostprocessing = 0;
		};
/* End PBXFrameworksBuildPhase section */

/* Begin PBXGroup section */
		987DA52D2AF6628500237991 = {
			isa = PBXGroup;
			children = (
				987DA5382AF6628500237991 /* HomeWork31 */,
				987DA5372AF6628500237991 /* Products */,
			);
			sourceTree = "<group>";
		};
		987DA5372AF6628500237991 /* Products */ = {
			isa = PBXGroup;
			children = (
				987DA5362AF6628500237991 /* HomeWork31.app */,
			);
			name = Products;
			sourceTree = "<group>";
		};
		987DA5382AF6628500237991 /* HomeWork31 */ = {
			isa = PBXGroup;
			children = (
				987DA55A2AF66E7F00237991 /* Managers */,
				987DA5572AF66E4400237991 /* Extencions */,
				987DA55D2AF66EA000237991 /* Models */,
				987DA5512AF662E900237991 /* Views */,
				987DA5622AF66F4E00237991 /* Controllers */,
				987DA5502AF662D400237991 /* App */,
				987DA5452AF6628700237991 /* Assets.xcassets */,
				987DA54A2AF6628700237991 /* Info.plist */,
			);
			path = HomeWork31;
			sourceTree = "<group>";
		};
		987DA5502AF662D400237991 /* App */ = {
			isa = PBXGroup;
			children = (
				987DA5392AF6628500237991 /* AppDelegate.swift */,
				987DA53B2AF6628500237991 /* SceneDelegate.swift */,
			);
			path = App;
			sourceTree = "<group>";
		};
		987DA5512AF662E900237991 /* Views */ = {
			isa = PBXGroup;
			children = (
				987DA53F2AF6628500237991 /* Main.storyboard */,
				987DA5472AF6628700237991 /* LaunchScreen.storyboard */,
			);
			path = Views;
			sourceTree = "<group>";
		};
		987DA5572AF66E4400237991 /* Extencions */ = {
			isa = PBXGroup;
			children = (
				987DA5582AF66E5C00237991 /* UITableViewCell.swift */,
			);
			path = Extencions;
			sourceTree = "<group>";
		};
		987DA55A2AF66E7F00237991 /* Managers */ = {
			isa = PBXGroup;
			children = (
				987DA55B2AF66E9200237991 /* StorageManager.swift */,
			);
			path = Managers;
			sourceTree = "<group>";
		};
		987DA55D2AF66EA000237991 /* Models */ = {
			isa = PBXGroup;
			children = (
				987DA55E2AF66EB700237991 /* TasksListModel.swift */,
				987DA5602AF66EC900237991 /* ListModel.swift */,
			);
			path = Models;
			sourceTree = "<group>";
		};
		987DA5622AF66F4E00237991 /* Controllers */ = {
			isa = PBXGroup;
			children = (
				987DA5632AF66F6E00237991 /* TasksListTVC.swift */,
				98E2B9662AF7B01A0040C914 /* TasksTVC */,
			);
			path = Controllers;
			sourceTree = "<group>";
		};
		98E2B9662AF7B01A0040C914 /* TasksTVC */ = {
			isa = PBXGroup;
			children = (
				98E2B9672AF7B0260040C914 /* TasksCell */,
				987DA5652AF66F7E00237991 /* TasksTVC.swift */,
			);
			path = TasksTVC;
			sourceTree = "<group>";
		};
		98E2B9672AF7B0260040C914 /* TasksCell */ = {
			isa = PBXGroup;
			children = (
				98E2B9682AF7B03C0040C914 /* TasksCell.swift */,
				98E2B9692AF7B03C0040C914 /* TasksCell.xib */,
			);
			path = TasksCell;
			sourceTree = "<group>";
		};
/* End PBXGroup section */

/* Begin PBXNativeTarget section */
		987DA5352AF6628500237991 /* HomeWork31 */ = {
			isa = PBXNativeTarget;
			buildConfigurationList = 987DA54D2AF6628700237991 /* Build configuration list for PBXNativeTarget "HomeWork31" */;
			buildPhases = (
				987DA5322AF6628500237991 /* Sources */,
				987DA5332AF6628500237991 /* Frameworks */,
				987DA5342AF6628500237991 /* Resources */,
			);
			buildRules = (
			);
			dependencies = (
			);
			name = HomeWork31;
			packageProductDependencies = (
				987DA5532AF66DB100237991 /* Realm */,
				987DA5552AF66DB100237991 /* RealmSwift */,
			);
			productName = HomeWork31;
			productReference = 987DA5362AF6628500237991 /* HomeWork31.app */;
			productType = "com.apple.product-type.application";
		};
/* End PBXNativeTarget section */

/* Begin PBXProject section */
		987DA52E2AF6628500237991 /* Project object */ = {
			isa = PBXProject;
			attributes = {
				BuildIndependentTargetsInParallel = 1;
				LastSwiftUpdateCheck = 1500;
				LastUpgradeCheck = 1500;
				TargetAttributes = {
					987DA5352AF6628500237991 = {
						CreatedOnToolsVersion = 15.0.1;
					};
				};
			};
			buildConfigurationList = 987DA5312AF6628500237991 /* Build configuration list for PBXProject "HomeWork31" */;
			compatibilityVersion = "Xcode 14.0";
			developmentRegion = en;
			hasScannedForEncodings = 0;
			knownRegions = (
				en,
				Base,
			);
			mainGroup = 987DA52D2AF6628500237991;
			packageReferences = (
				987DA5522AF66DB100237991 /* XCRemoteSwiftPackageReference "realm-swift" */,
			);
			productRefGroup = 987DA5372AF6628500237991 /* Products */;
			projectDirPath = "";
			projectRoot = "";
			targets = (
				987DA5352AF6628500237991 /* HomeWork31 */,
			);
		};
/* End PBXProject section */

/* Begin PBXResourcesBuildPhase section */
		987DA5342AF6628500237991 /* Resources */ = {
			isa = PBXResourcesBuildPhase;
			buildActionMask = 2147483647;
			files = (
				98E2B96B2AF7B03C0040C914 /* TasksCell.xib in Resources */,
				987DA5492AF6628700237991 /* LaunchScreen.storyboard in Resources */,
				987DA5462AF6628700237991 /* Assets.xcassets in Resources */,
				987DA5412AF6628500237991 /* Main.storyboard in Resources */,
			);
			runOnlyForDeploymentPostprocessing = 0;
		};
/* End PBXResourcesBuildPhase section */

/* Begin PBXSourcesBuildPhase section */
		987DA5322AF6628500237991 /* Sources */ = {
			isa = PBXSourcesBuildPhase;
			buildActionMask = 2147483647;
			files = (
				987DA5592AF66E5C00237991 /* UITableViewCell.swift in Sources */,
				987DA53A2AF6628500237991 /* AppDelegate.swift in Sources */,
				987DA53C2AF6628500237991 /* SceneDelegate.swift in Sources */,
				987DA5612AF66EC900237991 /* ListModel.swift in Sources */,
				987DA5662AF66F7E00237991 /* TasksTVC.swift in Sources */,
				987DA55C2AF66E9200237991 /* StorageManager.swift in Sources */,
				987DA55F2AF66EB700237991 /* TasksListModel.swift in Sources */,
				987DA5642AF66F6E00237991 /* TasksListTVC.swift in Sources */,
				98E2B96A2AF7B03C0040C914 /* TasksCell.swift in Sources */,
			);
			runOnlyForDeploymentPostprocessing = 0;
		};
/* End PBXSourcesBuildPhase section */

/* Begin PBXVariantGroup section */
		987DA53F2AF6628500237991 /* Main.storyboard */ = {
			isa = PBXVariantGroup;
			children = (
				987DA5402AF6628500237991 /* Base */,
			);
			name = Main.storyboard;
			sourceTree = "<group>";
		};
		987DA5472AF6628700237991 /* LaunchScreen.storyboard */ = {
			isa = PBXVariantGroup;
			children = (
				987DA5482AF6628700237991 /* Base */,
			);
			name = LaunchScreen.storyboard;
			sourceTree = "<group>";
		};
/* End PBXVariantGroup section */

/* Begin XCBuildConfiguration section */
		987DA54B2AF6628700237991 /* Debug */ = {
			isa = XCBuildConfiguration;
			buildSettings = {
				ALWAYS_SEARCH_USER_PATHS = NO;
				ASSETCATALOG_COMPILER_GENERATE_SWIFT_ASSET_SYMBOL_EXTENSIONS = YES;
				CLANG_ANALYZER_NONNULL = YES;
				CLANG_ANALYZER_NUMBER_OBJECT_CONVERSION = YES_AGGRESSIVE;
				CLANG_CXX_LANGUAGE_STANDARD = "gnu++20";
				CLANG_ENABLE_MODULES = YES;
				CLANG_ENABLE_OBJC_ARC = YES;
				CLANG_ENABLE_OBJC_WEAK = YES;
				CLANG_WARN_BLOCK_CAPTURE_AUTORELEASING = YES;
				CLANG_WARN_BOOL_CONVERSION = YES;
				CLANG_WARN_COMMA = YES;
				CLANG_WARN_CONSTANT_CONVERSION = YES;
				CLANG_WARN_DEPRECATED_OBJC_IMPLEMENTATIONS = YES;
				CLANG_WARN_DIRECT_OBJC_ISA_USAGE = YES_ERROR;
				CLANG_WARN_DOCUMENTATION_COMMENTS = YES;
				CLANG_WARN_EMPTY_BODY = YES;
				CLANG_WARN_ENUM_CONVERSION = YES;
				CLANG_WARN_INFINITE_RECURSION = YES;
				CLANG_WARN_INT_CONVERSION = YES;
				CLANG_WARN_NON_LITERAL_NULL_CONVERSION = YES;
				CLANG_WARN_OBJC_IMPLICIT_RETAIN_SELF = YES;
				CLANG_WARN_OBJC_LITERAL_CONVERSION = YES;
				CLANG_WARN_OBJC_ROOT_CLASS = YES_ERROR;
				CLANG_WARN_QUOTED_INCLUDE_IN_FRAMEWORK_HEADER = YES;
				CLANG_WARN_RANGE_LOOP_ANALYSIS = YES;
				CLANG_WARN_STRICT_PROTOTYPES = YES;
				CLANG_WARN_SUSPICIOUS_MOVE = YES;
				CLANG_WARN_UNGUARDED_AVAILABILITY = YES_AGGRESSIVE;
				CLANG_WARN_UNREACHABLE_CODE = YES;
				CLANG_WARN__DUPLICATE_METHOD_MATCH = YES;
				COPY_PHASE_STRIP = NO;
				DEBUG_INFORMATION_FORMAT = dwarf;
				ENABLE_STRICT_OBJC_MSGSEND = YES;
				ENABLE_TESTABILITY = YES;
				ENABLE_USER_SCRIPT_SANDBOXING = YES;
				GCC_C_LANGUAGE_STANDARD = gnu17;
				GCC_DYNAMIC_NO_PIC = NO;
				GCC_NO_COMMON_BLOCKS = YES;
				GCC_OPTIMIZATION_LEVEL = 0;
				GCC_PREPROCESSOR_DEFINITIONS = (
					"DEBUG=1",
					"$(inherited)",
				);
				GCC_WARN_64_TO_32_BIT_CONVERSION = YES;
				GCC_WARN_ABOUT_RETURN_TYPE = YES_ERROR;
				GCC_WARN_UNDECLARED_SELECTOR = YES;
				GCC_WARN_UNINITIALIZED_AUTOS = YES_AGGRESSIVE;
				GCC_WARN_UNUSED_FUNCTION = YES;
				GCC_WARN_UNUSED_VARIABLE = YES;
				IPHONEOS_DEPLOYMENT_TARGET = 17.0;
				LOCALIZATION_PREFERS_STRING_CATALOGS = YES;
				MTL_ENABLE_DEBUG_INFO = INCLUDE_SOURCE;
				MTL_FAST_MATH = YES;
				ONLY_ACTIVE_ARCH = YES;
				SDKROOT = iphoneos;
				SWIFT_ACTIVE_COMPILATION_CONDITIONS = "DEBUG $(inherited)";
				SWIFT_OPTIMIZATION_LEVEL = "-Onone";
			};
			name = Debug;
		};
		987DA54C2AF6628700237991 /* Release */ = {
			isa = XCBuildConfiguration;
			buildSettings = {
				ALWAYS_SEARCH_USER_PATHS = NO;
				ASSETCATALOG_COMPILER_GENERATE_SWIFT_ASSET_SYMBOL_EXTENSIONS = YES;
				CLANG_ANALYZER_NONNULL = YES;
				CLANG_ANALYZER_NUMBER_OBJECT_CONVERSION = YES_AGGRESSIVE;
				CLANG_CXX_LANGUAGE_STANDARD = "gnu++20";
				CLANG_ENABLE_MODULES = YES;
				CLANG_ENABLE_OBJC_ARC = YES;
				CLANG_ENABLE_OBJC_WEAK = YES;
				CLANG_WARN_BLOCK_CAPTURE_AUTORELEASING = YES;
				CLANG_WARN_BOOL_CONVERSION = YES;
				CLANG_WARN_COMMA = YES;
				CLANG_WARN_CONSTANT_CONVERSION = YES;
				CLANG_WARN_DEPRECATED_OBJC_IMPLEMENTATIONS = YES;
				CLANG_WARN_DIRECT_OBJC_ISA_USAGE = YES_ERROR;
				CLANG_WARN_DOCUMENTATION_COMMENTS = YES;
				CLANG_WARN_EMPTY_BODY = YES;
				CLANG_WARN_ENUM_CONVERSION = YES;
				CLANG_WARN_INFINITE_RECURSION = YES;
				CLANG_WARN_INT_CONVERSION = YES;
				CLANG_WARN_NON_LITERAL_NULL_CONVERSION = YES;
				CLANG_WARN_OBJC_IMPLICIT_RETAIN_SELF = YES;
				CLANG_WARN_OBJC_LITERAL_CONVERSION = YES;
				CLANG_WARN_OBJC_ROOT_CLASS = YES_ERROR;
				CLANG_WARN_QUOTED_INCLUDE_IN_FRAMEWORK_HEADER = YES;
				CLANG_WARN_RANGE_LOOP_ANALYSIS = YES;
				CLANG_WARN_STRICT_PROTOTYPES = YES;
				CLANG_WARN_SUSPICIOUS_MOVE = YES;
				CLANG_WARN_UNGUARDED_AVAILABILITY = YES_AGGRESSIVE;
				CLANG_WARN_UNREACHABLE_CODE = YES;
				CLANG_WARN__DUPLICATE_METHOD_MATCH = YES;
				COPY_PHASE_STRIP = NO;
				DEBUG_INFORMATION_FORMAT = "dwarf-with-dsym";
				ENABLE_NS_ASSERTIONS = NO;
				ENABLE_STRICT_OBJC_MSGSEND = YES;
				ENABLE_USER_SCRIPT_SANDBOXING = YES;
				GCC_C_LANGUAGE_STANDARD = gnu17;
				GCC_NO_COMMON_BLOCKS = YES;
				GCC_WARN_64_TO_32_BIT_CONVERSION = YES;
				GCC_WARN_ABOUT_RETURN_TYPE = YES_ERROR;
				GCC_WARN_UNDECLARED_SELECTOR = YES;
				GCC_WARN_UNINITIALIZED_AUTOS = YES_AGGRESSIVE;
				GCC_WARN_UNUSED_FUNCTION = YES;
				GCC_WARN_UNUSED_VARIABLE = YES;
				IPHONEOS_DEPLOYMENT_TARGET = 17.0;
				LOCALIZATION_PREFERS_STRING_CATALOGS = YES;
				MTL_ENABLE_DEBUG_INFO = NO;
				MTL_FAST_MATH = YES;
				SDKROOT = iphoneos;
				SWIFT_COMPILATION_MODE = wholemodule;
				VALIDATE_PRODUCT = YES;
			};
			name = Release;
		};
		987DA54E2AF6628700237991 /* Debug */ = {
			isa = XCBuildConfiguration;
			buildSettings = {
				ASSETCATALOG_COMPILER_APPICON_NAME = AppIcon;
				ASSETCATALOG_COMPILER_GLOBAL_ACCENT_COLOR_NAME = AccentColor;
				ASSETCATALOG_COMPILER_INCLUDE_ALL_APPICON_ASSETS = NO;
				CODE_SIGN_STYLE = Automatic;
				CURRENT_PROJECT_VERSION = 1;
				DEVELOPMENT_TEAM = MCK9LL98Q8;
				GENERATE_INFOPLIST_FILE = YES;
				INFOPLIST_FILE = HomeWork31/Info.plist;
				INFOPLIST_KEY_CFBundleDisplayName = "List ToDo-s";
				INFOPLIST_KEY_UIApplicationSupportsIndirectInputEvents = YES;
				INFOPLIST_KEY_UILaunchStoryboardName = LaunchScreen;
				INFOPLIST_KEY_UIMainStoryboardFile = Main;
				INFOPLIST_KEY_UISupportedInterfaceOrientations_iPad = "UIInterfaceOrientationPortrait UIInterfaceOrientationPortraitUpsideDown UIInterfaceOrientationLandscapeLeft UIInterfaceOrientationLandscapeRight";
				INFOPLIST_KEY_UISupportedInterfaceOrientations_iPhone = "UIInterfaceOrientationPortrait UIInterfaceOrientationLandscapeLeft UIInterfaceOrientationLandscapeRight";
				LD_RUNPATH_SEARCH_PATHS = (
					"$(inherited)",
					"@executable_path/Frameworks",
				);
				MARKETING_VERSION = 1.0;
				PRODUCT_BUNDLE_IDENTIFIER = com.myApp.HomeWork31;
				PRODUCT_NAME = "$(TARGET_NAME)";
				SWIFT_EMIT_LOC_STRINGS = YES;
				SWIFT_VERSION = 5.0;
				TARGETED_DEVICE_FAMILY = "1,2";
			};
			name = Debug;
		};
		987DA54F2AF6628700237991 /* Release */ = {
			isa = XCBuildConfiguration;
			buildSettings = {
				ASSETCATALOG_COMPILER_APPICON_NAME = AppIcon;
				ASSETCATALOG_COMPILER_GLOBAL_ACCENT_COLOR_NAME = AccentColor;
				ASSETCATALOG_COMPILER_INCLUDE_ALL_APPICON_ASSETS = NO;
				CODE_SIGN_STYLE = Automatic;
				CURRENT_PROJECT_VERSION = 1;
				DEVELOPMENT_TEAM = MCK9LL98Q8;
				GENERATE_INFOPLIST_FILE = YES;
				INFOPLIST_FILE = HomeWork31/Info.plist;
				INFOPLIST_KEY_CFBundleDisplayName = "List ToDo-s";
				INFOPLIST_KEY_UIApplicationSupportsIndirectInputEvents = YES;
				INFOPLIST_KEY_UILaunchStoryboardName = LaunchScreen;
				INFOPLIST_KEY_UIMainStoryboardFile = Main;
				INFOPLIST_KEY_UISupportedInterfaceOrientations_iPad = "UIInterfaceOrientationPortrait UIInterfaceOrientationPortraitUpsideDown UIInterfaceOrientationLandscapeLeft UIInterfaceOrientationLandscapeRight";
				INFOPLIST_KEY_UISupportedInterfaceOrientations_iPhone = "UIInterfaceOrientationPortrait UIInterfaceOrientationLandscapeLeft UIInterfaceOrientationLandscapeRight";
				LD_RUNPATH_SEARCH_PATHS = (
					"$(inherited)",
					"@executable_path/Frameworks",
				);
				MARKETING_VERSION = 1.0;
				PRODUCT_BUNDLE_IDENTIFIER = com.myApp.HomeWork31;
				PRODUCT_NAME = "$(TARGET_NAME)";
				SWIFT_EMIT_LOC_STRINGS = YES;
				SWIFT_VERSION = 5.0;
				TARGETED_DEVICE_FAMILY = "1,2";
			};
			name = Release;
		};
/* End XCBuildConfiguration section */

/* Begin XCConfigurationList section */
		987DA5312AF6628500237991 /* Build configuration list for PBXProject "HomeWork31" */ = {
			isa = XCConfigurationList;
			buildConfigurations = (
				987DA54B2AF6628700237991 /* Debug */,
				987DA54C2AF6628700237991 /* Release */,
			);
			defaultConfigurationIsVisible = 0;
			defaultConfigurationName = Release;
		};
		987DA54D2AF6628700237991 /* Build configuration list for PBXNativeTarget "HomeWork31" */ = {
			isa = XCConfigurationList;
			buildConfigurations = (
				987DA54E2AF6628700237991 /* Debug */,
				987DA54F2AF6628700237991 /* Release */,
			);
			defaultConfigurationIsVisible = 0;
			defaultConfigurationName = Release;
		};
/* End XCConfigurationList section */

/* Begin XCRemoteSwiftPackageReference section */
		987DA5522AF66DB100237991 /* XCRemoteSwiftPackageReference "realm-swift" */ = {
			isa = XCRemoteSwiftPackageReference;
			repositoryURL = "https://github.com/realm/realm-swift.git";
			requirement = {
				kind = upToNextMajorVersion;
				minimumVersion = 10.44.0;
			};
		};
/* End XCRemoteSwiftPackageReference section */

/* Begin XCSwiftPackageProductDependency section */
		987DA5532AF66DB100237991 /* Realm */ = {
			isa = XCSwiftPackageProductDependency;
			package = 987DA5522AF66DB100237991 /* XCRemoteSwiftPackageReference "realm-swift" */;
			productName = Realm;
		};
		987DA5552AF66DB100237991 /* RealmSwift */ = {
			isa = XCSwiftPackageProductDependency;
			package = 987DA5522AF66DB100237991 /* XCRemoteSwiftPackageReference "realm-swift" */;
			productName = RealmSwift;
		};
/* End XCSwiftPackageProductDependency section */
	};
	rootObject = 987DA52E2AF6628500237991 /* Project object */;
}
